// !$*UTF8*$!
{
	archiveVersion = 1;
	classes = {
	};
	objectVersion = 46;
	objects = {

/* Begin PBXBuildFile section */
		E9ACA42C1D4DCD7E0054DA7A /* AppDelegate.swift in Sources */ = {isa = PBXBuildFile; fileRef = E9ACA42B1D4DCD7E0054DA7A /* AppDelegate.swift */; };
		E9ACA42E1D4DCD7E0054DA7A /* ViewController.swift in Sources */ = {isa = PBXBuildFile; fileRef = E9ACA42D1D4DCD7E0054DA7A /* ViewController.swift */; };
		E9ACA4311D4DCD7E0054DA7A /* Main.storyboard in Resources */ = {isa = PBXBuildFile; fileRef = E9ACA42F1D4DCD7E0054DA7A /* Main.storyboard */; };
		E9ACA4331D4DCD7E0054DA7A /* Assets.xcassets in Resources */ = {isa = PBXBuildFile; fileRef = E9ACA4321D4DCD7E0054DA7A /* Assets.xcassets */; };
		E9ACA4361D4DCD7E0054DA7A /* LaunchScreen.storyboard in Resources */ = {isa = PBXBuildFile; fileRef = E9ACA4341D4DCD7E0054DA7A /* LaunchScreen.storyboard */; };
		E9ACA4411D4DCD7F0054DA7A /* Group_Task_ApplicationTests.swift in Sources */ = {isa = PBXBuildFile; fileRef = E9ACA4401D4DCD7F0054DA7A /* Group_Task_ApplicationTests.swift */; };
/* End PBXBuildFile section */

/* Begin PBXContainerItemProxy section */
		E9ACA43D1D4DCD7F0054DA7A /* PBXContainerItemProxy */ = {
			isa = PBXContainerItemProxy;
			containerPortal = E9ACA4201D4DCD7E0054DA7A /* Project object */;
			proxyType = 1;
			remoteGlobalIDString = E9ACA4271D4DCD7E0054DA7A;
			remoteInfo = "Group Task Application";
		};
/* End PBXContainerItemProxy section */

/* Begin PBXFileReference section */
		E9ACA4281D4DCD7E0054DA7A /* Group Task Application.app */ = {isa = PBXFileReference; explicitFileType = wrapper.application; includeInIndex = 0; path = "Group Task Application.app"; sourceTree = BUILT_PRODUCTS_DIR; };
		E9ACA42B1D4DCD7E0054DA7A /* AppDelegate.swift */ = {isa = PBXFileReference; lastKnownFileType = sourcecode.swift; path = AppDelegate.swift; sourceTree = "<group>"; };
		E9ACA42D1D4DCD7E0054DA7A /* ViewController.swift */ = {isa = PBXFileReference; lastKnownFileType = sourcecode.swift; path = ViewController.swift; sourceTree = "<group>"; };
		E9ACA4301D4DCD7E0054DA7A /* Base */ = {isa = PBXFileReference; lastKnownFileType = file.storyboard; name = Base; path = Base.lproj/Main.storyboard; sourceTree = "<group>"; };
		E9ACA4321D4DCD7E0054DA7A /* Assets.xcassets */ = {isa = PBXFileReference; lastKnownFileType = folder.assetcatalog; path = Assets.xcassets; sourceTree = "<group>"; };
		E9ACA4351D4DCD7E0054DA7A /* Base */ = {isa = PBXFileReference; lastKnownFileType = file.storyboard; name = Base; path = Base.lproj/LaunchScreen.storyboard; sourceTree = "<group>"; };
		E9ACA4371D4DCD7E0054DA7A /* Info.plist */ = {isa = PBXFileReference; lastKnownFileType = text.plist.xml; path = Info.plist; sourceTree = "<group>"; };
		E9ACA43C1D4DCD7F0054DA7A /* Group Task ApplicationTests.xctest */ = {isa = PBXFileReference; explicitFileType = wrapper.cfbundle; includeInIndex = 0; path = "Group Task ApplicationTests.xctest"; sourceTree = BUILT_PRODUCTS_DIR; };
		E9ACA4401D4DCD7F0054DA7A /* Group_Task_ApplicationTests.swift */ = {isa = PBXFileReference; lastKnownFileType = sourcecode.swift; path = Group_Task_ApplicationTests.swift; sourceTree = "<group>"; };
		E9ACA4421D4DCD7F0054DA7A /* Info.plist */ = {isa = PBXFileReference; lastKnownFileType = text.plist.xml; path = Info.plist; sourceTree = "<group>"; };
/* End PBXFileReference section */

/* Begin PBXFrameworksBuildPhase section */
		E9ACA4251D4DCD7E0054DA7A /* Frameworks */ = {
			isa = PBXFrameworksBuildPhase;
			buildActionMask = 2147483647;
			files = (
			);
			runOnlyForDeploymentPostprocessing = 0;
		};
		E9ACA4391D4DCD7F0054DA7A /* Frameworks */ = {
			isa = PBXFrameworksBuildPhase;
			buildActionMask = 2147483647;
			files = (
			);
			runOnlyForDeploymentPostprocessing = 0;
		};
/* End PBXFrameworksBuildPhase section */

/* Begin PBXGroup section */
		E9ACA41F1D4DCD7E0054DA7A = {
			isa = PBXGroup;
			children = (
				E9ACA42A1D4DCD7E0054DA7A /* Group Task Application */,
				E9ACA43F1D4DCD7F0054DA7A /* Group Task ApplicationTests */,
				E9ACA4291D4DCD7E0054DA7A /* Products */,
			);
			sourceTree = "<group>";
		};
		E9ACA4291D4DCD7E0054DA7A /* Products */ = {
			isa = PBXGroup;
			children = (
				E9ACA4281D4DCD7E0054DA7A /* Group Task Application.app */,
				E9ACA43C1D4DCD7F0054DA7A /* Group Task ApplicationTests.xctest */,
			);
			name = Products;
			sourceTree = "<group>";
		};
		E9ACA42A1D4DCD7E0054DA7A /* Group Task Application */ = {
			isa = PBXGroup;
			children = (
				E9ACA42B1D4DCD7E0054DA7A /* AppDelegate.swift */,
				E9ACA42D1D4DCD7E0054DA7A /* ViewController.swift */,
				E9ACA42F1D4DCD7E0054DA7A /* Main.storyboard */,
				E9ACA4321D4DCD7E0054DA7A /* Assets.xcassets */,
				E9ACA4341D4DCD7E0054DA7A /* LaunchScreen.storyboard */,
				E9ACA4371D4DCD7E0054DA7A /* Info.plist */,
			);
			path = "Group Task Application";
			sourceTree = "<group>";
		};
		E9ACA43F1D4DCD7F0054DA7A /* Group Task ApplicationTests */ = {
			isa = PBXGroup;
			children = (
				E9ACA4401D4DCD7F0054DA7A /* Group_Task_ApplicationTests.swift */,
				E9ACA4421D4DCD7F0054DA7A /* Info.plist */,
			);
			path = "Group Task ApplicationTests";
			sourceTree = "<group>";
		};
/* End PBXGroup section */

/* Begin PBXNativeTarget section */
		E9ACA4271D4DCD7E0054DA7A /* Group Task Application */ = {
			isa = PBXNativeTarget;
			buildConfigurationList = E9ACA4451D4DCD7F0054DA7A /* Build configuration list for PBXNativeTarget "Group Task Application" */;
			buildPhases = (
				E9ACA4241D4DCD7E0054DA7A /* Sources */,
				E9ACA4251D4DCD7E0054DA7A /* Frameworks */,
				E9ACA4261D4DCD7E0054DA7A /* Resources */,
			);
			buildRules = (
			);
			dependencies = (
			);
			name = "Group Task Application";
			productName = "Group Task Application";
			productReference = E9ACA4281D4DCD7E0054DA7A /* Group Task Application.app */;
			productType = "com.apple.product-type.application";
		};
		E9ACA43B1D4DCD7F0054DA7A /* Group Task ApplicationTests */ = {
			isa = PBXNativeTarget;
			buildConfigurationList = E9ACA4481D4DCD7F0054DA7A /* Build configuration list for PBXNativeTarget "Group Task ApplicationTests" */;
			buildPhases = (
				E9ACA4381D4DCD7F0054DA7A /* Sources */,
				E9ACA4391D4DCD7F0054DA7A /* Frameworks */,
				E9ACA43A1D4DCD7F0054DA7A /* Resources */,
			);
			buildRules = (
			);
			dependencies = (
				E9ACA43E1D4DCD7F0054DA7A /* PBXTargetDependency */,
			);
			name = "Group Task ApplicationTests";
			productName = "Group Task ApplicationTests";
			productReference = E9ACA43C1D4DCD7F0054DA7A /* Group Task ApplicationTests.xctest */;
			productType = "com.apple.product-type.bundle.unit-test";
		};
/* End PBXNativeTarget section */

/* Begin PBXProject section */
		E9ACA4201D4DCD7E0054DA7A /* Project object */ = {
			isa = PBXProject;
			attributes = {
				LastSwiftUpdateCheck = 0730;
				LastUpgradeCheck = 0730;
				ORGANIZATIONNAME = "Lachlan and Rian";
				TargetAttributes = {
					E9ACA4271D4DCD7E0054DA7A = {
						CreatedOnToolsVersion = 7.3.1;
					};
					E9ACA43B1D4DCD7F0054DA7A = {
						CreatedOnToolsVersion = 7.3.1;
						TestTargetID = E9ACA4271D4DCD7E0054DA7A;
					};
				};
			};
			buildConfigurationList = E9ACA4231D4DCD7E0054DA7A /* Build configuration list for PBXProject "Group Task Application" */;
			compatibilityVersion = "Xcode 3.2";
			developmentRegion = English;
			hasScannedForEncodings = 0;
			knownRegions = (
				en,
				Base,
			);
			mainGroup = E9ACA41F1D4DCD7E0054DA7A;
			productRefGroup = E9ACA4291D4DCD7E0054DA7A /* Products */;
			projectDirPath = "";
			projectRoot = "";
			targets = (
				E9ACA4271D4DCD7E0054DA7A /* Group Task Application */,
				E9ACA43B1D4DCD7F0054DA7A /* Group Task ApplicationTests */,
			);
		};
/* End PBXProject section */

/* Begin PBXResourcesBuildPhase section */
		E9ACA4261D4DCD7E0054DA7A /* Resources */ = {
			isa = PBXResourcesBuildPhase;
			buildActionMask = 2147483647;
			files = (
				E9ACA4361D4DCD7E0054DA7A /* LaunchScreen.storyboard in Resources */,
				E9ACA4331D4DCD7E0054DA7A /* Assets.xcassets in Resources */,
				E9ACA4311D4DCD7E0054DA7A /* Main.storyboard in Resources */,
			);
			runOnlyForDeploymentPostprocessing = 0;
		};
		E9ACA43A1D4DCD7F0054DA7A /* Resources */ = {
			isa = PBXResourcesBuildPhase;
			buildActionMask = 2147483647;
			files = (
			);
			runOnlyForDeploymentPostprocessing = 0;
		};
/* End PBXResourcesBuildPhase section */

/* Begin PBXSourcesBuildPhase section */
		E9ACA4241D4DCD7E0054DA7A /* Sources */ = {
			isa = PBXSourcesBuildPhase;
			buildActionMask = 2147483647;
			files = (
				E9ACA42E1D4DCD7E0054DA7A /* ViewController.swift in Sources */,
				E9ACA42C1D4DCD7E0054DA7A /* AppDelegate.swift in Sources */,
			);
			runOnlyForDeploymentPostprocessing = 0;
		};
		E9ACA4381D4DCD7F0054DA7A /* Sources */ = {
			isa = PBXSourcesBuildPhase;
			buildActionMask = 2147483647;
			files = (
				E9ACA4411D4DCD7F0054DA7A /* Group_Task_ApplicationTests.swift in Sources */,
			);
			runOnlyForDeploymentPostprocessing = 0;
		};
/* End PBXSourcesBuildPhase section */

/* Begin PBXTargetDependency section */
		E9ACA43E1D4DCD7F0054DA7A /* PBXTargetDependency */ = {
			isa = PBXTargetDependency;
			target = E9ACA4271D4DCD7E0054DA7A /* Group Task Application */;
			targetProxy = E9ACA43D1D4DCD7F0054DA7A /* PBXContainerItemProxy */;
		};
/* End PBXTargetDependency section */

/* Begin PBXVariantGroup section */
		E9ACA42F1D4DCD7E0054DA7A /* Main.storyboard */ = {
			isa = PBXVariantGroup;
			children = (
				E9ACA4301D4DCD7E0054DA7A /* Base */,
			);
			name = Main.storyboard;
			sourceTree = "<group>";
		};
		E9ACA4341D4DCD7E0054DA7A /* LaunchScreen.storyboard */ = {
			isa = PBXVariantGroup;
			children = (
				E9ACA4351D4DCD7E0054DA7A /* Base */,
			);
			name = LaunchScreen.storyboard;
			sourceTree = "<group>";
		};
/* End PBXVariantGroup section */

/* Begin XCBuildConfiguration section */
		E9ACA4431D4DCD7F0054DA7A /* Debug */ = {
			isa = XCBuildConfiguration;
			buildSettings = {
				ALWAYS_SEARCH_USER_PATHS = NO;
				CLANG_ANALYZER_NONNULL = YES;
				CLANG_CXX_LANGUAGE_STANDARD = "gnu++0x";
				CLANG_CXX_LIBRARY = "libc++";
				CLANG_ENABLE_MODULES = YES;
				CLANG_ENABLE_OBJC_ARC = YES;
				CLANG_WARN_BOOL_CONVERSION = YES;
				CLANG_WARN_CONSTANT_CONVERSION = YES;
				CLANG_WARN_DIRECT_OBJC_ISA_USAGE = YES_ERROR;
				CLANG_WARN_EMPTY_BODY = YES;
				CLANG_WARN_ENUM_CONVERSION = YES;
				CLANG_WARN_INT_CONVERSION = YES;
				CLANG_WARN_OBJC_ROOT_CLASS = YES_ERROR;
				CLANG_WARN_UNREACHABLE_CODE = YES;
				CLANG_WARN__DUPLICATE_METHOD_MATCH = YES;
				"CODE_SIGN_IDENTITY[sdk=iphoneos*]" = "iPhone Developer";
				COPY_PHASE_STRIP = NO;
				DEBUG_INFORMATION_FORMAT = dwarf;
				ENABLE_STRICT_OBJC_MSGSEND = YES;
				ENABLE_TESTABILITY = YES;
				GCC_C_LANGUAGE_STANDARD = gnu99;
				GCC_DYNAMIC_NO_PIC = NO;
				GCC_NO_COMMON_BLOCKS = YES;
				GCC_OPTIMIZATION_LEVEL = 0;
				GCC_PREPROCESSOR_DEFINITIONS = (
					"DEBUG=1",
					"$(inherited)",
				);
				GCC_WARN_64_TO_32_BIT_CONVERSION = YES;
				GCC_WARN_ABOUT_RETURN_TYPE = YES_ERROR;
				GCC_WARN_UNDECLARED_SELECTOR = YES;
				GCC_WARN_UNINITIALIZED_AUTOS = YES_AGGRESSIVE;
				GCC_WARN_UNUSED_FUNCTION = YES;
				GCC_WARN_UNUSED_VARIABLE = YES;
				IPHONEOS_DEPLOYMENT_TARGET = 9.3;
				MTL_ENABLE_DEBUG_INFO = YES;
				ONLY_ACTIVE_ARCH = YES;
				SDKROOT = iphoneos;
				SWIFT_OPTIMIZATION_LEVEL = "-Onone";
			};
			name = Debug;
		};
		E9ACA4441D4DCD7F0054DA7A /* Release */ = {
			isa = XCBuildConfiguration;
			buildSettings = {
				ALWAYS_SEARCH_USER_PATHS = NO;
				CLANG_ANALYZER_NONNULL = YES;
				CLANG_CXX_LANGUAGE_STANDARD = "gnu++0x";
				CLANG_CXX_LIBRARY = "libc++";
				CLANG_ENABLE_MODULES = YES;
				CLANG_ENABLE_OBJC_ARC = YES;
				CLANG_WARN_BOOL_CONVERSION = YES;
				CLANG_WARN_CONSTANT_CONVERSION = YES;
				CLANG_WARN_DIRECT_OBJC_ISA_USAGE = YES_ERROR;
				CLANG_WARN_EMPTY_BODY = YES;
				CLANG_WARN_ENUM_CONVERSION = YES;
				CLANG_WARN_INT_CONVERSION = YES;
				CLANG_WARN_OBJC_ROOT_CLASS = YES_ERROR;
				CLANG_WARN_UNREACHABLE_CODE = YES;
				CLANG_WARN__DUPLICATE_METHOD_MATCH = YES;
				"CODE_SIGN_IDENTITY[sdk=iphoneos*]" = "iPhone Developer";
				COPY_PHASE_STRIP = NO;
				DEBUG_INFORMATION_FORMAT = "dwarf-with-dsym";
				ENABLE_NS_ASSERTIONS = NO;
				ENABLE_STRICT_OBJC_MSGSEND = YES;
				GCC_C_LANGUAGE_STANDARD = gnu99;
				GCC_NO_COMMON_BLOCKS = YES;
				GCC_WARN_64_TO_32_BIT_CONVERSION = YES;
				GCC_WARN_ABOUT_RETURN_TYPE = YES_ERROR;
				GCC_WARN_UNDECLARED_SELECTOR = YES;
				GCC_WARN_UNINITIALIZED_AUTOS = YES_AGGRESSIVE;
				GCC_WARN_UNUSED_FUNCTION = YES;
				GCC_WARN_UNUSED_VARIABLE = YES;
				IPHONEOS_DEPLOYMENT_TARGET = 9.3;
				MTL_ENABLE_DEBUG_INFO = NO;
				SDKROOT = iphoneos;
				VALIDATE_PRODUCT = YES;
			};
			name = Release;
		};
		E9ACA4461D4DCD7F0054DA7A /* Debug */ = {
			isa = XCBuildConfiguration;
			buildSettings = {
				ASSETCATALOG_COMPILER_APPICON_NAME = AppIcon;
				INFOPLIST_FILE = "Group Task Application/Info.plist";
				LD_RUNPATH_SEARCH_PATHS = "$(inherited) @executable_path/Frameworks";
				PRODUCT_BUNDLE_IDENTIFIER = "com.lachlanrian.Group-Task-Application";
				PRODUCT_NAME = "$(TARGET_NAME)";
			};
			name = Debug;
		};
		E9ACA4471D4DCD7F0054DA7A /* Release */ = {
			isa = XCBuildConfiguration;
			buildSettings = {
				ASSETCATALOG_COMPILER_APPICON_NAME = AppIcon;
				INFOPLIST_FILE = "Group Task Application/Info.plist";
				LD_RUNPATH_SEARCH_PATHS = "$(inherited) @executable_path/Frameworks";
				PRODUCT_BUNDLE_IDENTIFIER = "com.lachlanrian.Group-Task-Application";
				PRODUCT_NAME = "$(TARGET_NAME)";
			};
			name = Release;
		};
		E9ACA4491D4DCD7F0054DA7A /* Debug */ = {
			isa = XCBuildConfiguration;
			buildSettings = {
				BUNDLE_LOADER = "$(TEST_HOST)";
				INFOPLIST_FILE = "Group Task ApplicationTests/Info.plist";
				LD_RUNPATH_SEARCH_PATHS = "$(inherited) @executable_path/Frameworks @loader_path/Frameworks";
				PRODUCT_BUNDLE_IDENTIFIER = "com.lachlanrian.Group-Task-ApplicationTests";
				PRODUCT_NAME = "$(TARGET_NAME)";
				TEST_HOST = "$(BUILT_PRODUCTS_DIR)/Group Task Application.app/Group Task Application";
			};
			name = Debug;
		};
		E9ACA44A1D4DCD7F0054DA7A /* Release */ = {
			isa = XCBuildConfiguration;
			buildSettings = {
				BUNDLE_LOADER = "$(TEST_HOST)";
				INFOPLIST_FILE = "Group Task ApplicationTests/Info.plist";
				LD_RUNPATH_SEARCH_PATHS = "$(inherited) @executable_path/Frameworks @loader_path/Frameworks";
				PRODUCT_BUNDLE_IDENTIFIER = "com.lachlanrian.Group-Task-ApplicationTests";
				PRODUCT_NAME = "$(TARGET_NAME)";
				TEST_HOST = "$(BUILT_PRODUCTS_DIR)/Group Task Application.app/Group Task Application";
			};
			name = Release;
		};
/* End XCBuildConfiguration section */

/* Begin XCConfigurationList section */
		E9ACA4231D4DCD7E0054DA7A /* Build configuration list for PBXProject "Group Task Application" */ = {
			isa = XCConfigurationList;
			buildConfigurations = (
				E9ACA4431D4DCD7F0054DA7A /* Debug */,
				E9ACA4441D4DCD7F0054DA7A /* Release */,
			);
			defaultConfigurationIsVisible = 0;
			defaultConfigurationName = Release;
		};
		E9ACA4451D4DCD7F0054DA7A /* Build configuration list for PBXNativeTarget "Group Task Application" */ = {
			isa = XCConfigurationList;
			buildConfigurations = (
				E9ACA4461D4DCD7F0054DA7A /* Debug */,
				E9ACA4471D4DCD7F0054DA7A /* Release */,
			);
			defaultConfigurationIsVisible = 0;
		};
		E9ACA4481D4DCD7F0054DA7A /* Build configuration list for PBXNativeTarget "Group Task ApplicationTests" */ = {
			isa = XCConfigurationList;
			buildConfigurations = (
				E9ACA4491D4DCD7F0054DA7A /* Debug */,
				E9ACA44A1D4DCD7F0054DA7A /* Release */,
			);
			defaultConfigurationIsVisible = 0;
		};
/* End XCConfigurationList section */
	};
	rootObject = E9ACA4201D4DCD7E0054DA7A /* Project object */;
}
